<?xml version="1.0" encoding="utf-8"?>
<Project ToolsVersion="4.0" xmlns="http://schemas.microsoft.com/developer/msbuild/2003">
  <ItemGroup>
    <Filter Include="Core">
      <UniqueIdentifier>{b66ca14f-d723-4d79-a5c3-3882859828c8}</UniqueIdentifier>
    </Filter>
    <Filter Include="Launch">
      <UniqueIdentifier>{1288c14a-ad3d-4899-b4bf-230947559548}</UniqueIdentifier>
    </Filter>
    <Filter Include="D3D12Rhi">
      <UniqueIdentifier>{521ddfe4-e840-49e2-a9c0-75530e03e025}</UniqueIdentifier>
    </Filter>
    <Filter Include="D3D12Rhi\Private">
      <UniqueIdentifier>{c458d85c-f6ba-4c12-96c9-922a44002fe2}</UniqueIdentifier>
    </Filter>
    <Filter Include="Launch\Private">
      <UniqueIdentifier>{fb5479e7-32c6-4725-b35f-7788d423a733}</UniqueIdentifier>
    </Filter>
    <Filter Include="Slate">
      <UniqueIdentifier>{be8bb5b0-4c65-4af9-8a94-6c1177d11159}</UniqueIdentifier>
    </Filter>
    <Filter Include="Slate\Private">
      <UniqueIdentifier>{9d3a4f0e-e326-4867-a554-cd544ca44798}</UniqueIdentifier>
    </Filter>
    <Filter Include="Engine">
      <UniqueIdentifier>{513ca852-cb46-444b-8614-18b812f576a4}</UniqueIdentifier>
    </Filter>
    <Filter Include="Engine\Private">
      <UniqueIdentifier>{504e2417-9ca5-4b7e-b34f-bbf23a336bd3}</UniqueIdentifier>
    </Filter>
    <Filter Include="Resource">
      <UniqueIdentifier>{487ea596-70f7-4444-87b5-67771fd1b7ce}</UniqueIdentifier>
    </Filter>
    <Filter Include="Render">
      <UniqueIdentifier>{f83ecf65-0f0e-47e1-8eb6-1e2368e9a7f9}</UniqueIdentifier>
    </Filter>
    <Filter Include="GameFrameWork">
      <UniqueIdentifier>{d150fb61-777d-42e6-9353-54a5eb9cad1b}</UniqueIdentifier>
    </Filter>
    <Filter Include="Render\Private">
      <UniqueIdentifier>{c5f7d7bb-4522-484f-a9f2-f67da7f22e64}</UniqueIdentifier>
    </Filter>
    <Filter Include="Core\Private">
      <UniqueIdentifier>{d73a4dc1-0bea-465b-8578-f3a61ecae5c9}</UniqueIdentifier>
    </Filter>
    <Filter Include="Renderer">
      <UniqueIdentifier>{a544dfa9-4d79-45ad-9c84-3e09630daef0}</UniqueIdentifier>
    </Filter>
    <Filter Include="Renderer\Private">
      <UniqueIdentifier>{8ba9dcc3-496e-43b4-be05-58b040e07984}</UniqueIdentifier>
    </Filter>
    <Filter Include="ShaderCore">
      <UniqueIdentifier>{4dbafb1e-c165-444a-b628-a8ceaf2c0649}</UniqueIdentifier>
    </Filter>
    <Filter Include="ShaderCore\Private">
      <UniqueIdentifier>{35c9c288-86d7-4dcb-b60b-7cd5edddba56}</UniqueIdentifier>
    </Filter>
    <Filter Include="ShaderCore\Materials">
      <UniqueIdentifier>{0fd02d52-bd2f-4920-b461-efd18e2170fa}</UniqueIdentifier>
    </Filter>
    <Filter Include="ShaderCore\Private\Materials">
      <UniqueIdentifier>{9f8ca63b-a5e2-4534-a4af-8ee747b909cd}</UniqueIdentifier>
    </Filter>
    <Filter Include="ShaderCore\Texture">
      <UniqueIdentifier>{ae1eb4f1-0bfb-48c4-815c-f075cca54168}</UniqueIdentifier>
    </Filter>
    <Filter Include="ShaderCore\Private\Texture">
      <UniqueIdentifier>{5f072648-62ab-4bb1-982a-3aebf670eddc}</UniqueIdentifier>
    </Filter>
    <Filter Include="ShaderCore\ShaderParameters">
      <UniqueIdentifier>{16f19561-e9ea-4132-8932-4b835da69128}</UniqueIdentifier>
    </Filter>
    <Filter Include="ShaderCore\Mesh">
      <UniqueIdentifier>{349d3e58-326c-4d43-8890-4ffec87048a5}</UniqueIdentifier>
    </Filter>
    <Filter Include="ShaderCore\Private\Mesh">
      <UniqueIdentifier>{9f3996d7-574d-452c-a372-9117ed02f2d4}</UniqueIdentifier>
    </Filter>
    <Filter Include="ShaderCore\EEntityType">
      <UniqueIdentifier>{34d406e1-a302-4209-9062-c5bdf5d1d69e}</UniqueIdentifier>
    </Filter>
    <Filter Include="Engine\Classes">
      <UniqueIdentifier>{e2750932-4468-4ca6-8ab1-22fd211a19bb}</UniqueIdentifier>
    </Filter>
    <Filter Include="Engine\Classes\Light">
      <UniqueIdentifier>{0c271c5b-23d3-47b9-86e1-8b90e5e9c24c}</UniqueIdentifier>
    </Filter>
  </ItemGroup>
  <ItemGroup>
    <ClInclude Include="Common.h">
      <Filter>Core</Filter>
    </ClInclude>
    <ClInclude Include="Util.h">
      <Filter>Core</Filter>
    </ClInclude>
    <ClInclude Include="ModuleInterface.h">
      <Filter>Core</Filter>
    </ClInclude>
    <ClInclude Include="Global.h">
      <Filter>Core</Filter>
    </ClInclude>
    <ClInclude Include="D3D12RhiModule.h">
      <Filter>D3D12Rhi</Filter>
    </ClInclude>
    <ClInclude Include="D3D12Viewport.h">
      <Filter>D3D12Rhi</Filter>
    </ClInclude>
    <ClInclude Include="ModuleManager.h">
      <Filter>Core</Filter>
    </ClInclude>
    <ClInclude Include="D3D12RhiGlobal.h">
      <Filter>D3D12Rhi</Filter>
    </ClInclude>
    <ClInclude Include="ModuleRegister.h">
      <Filter>Core</Filter>
    </ClInclude>
    <ClInclude Include="D3D12Fence.h">
      <Filter>D3D12Rhi</Filter>
    </ClInclude>
    <ClInclude Include="Window.h">
      <Filter>Slate</Filter>
    </ClInclude>
    <ClInclude Include="WindowManager.h">
      <Filter>Slate</Filter>
    </ClInclude>
    <ClInclude Include="resource.h">
      <Filter>Resource</Filter>
    </ClInclude>
    <ClInclude Include="GameTimer.h">
      <Filter>Launch\Private</Filter>
    </ClInclude>
    <ClInclude Include="EngineCommon.h">
      <Filter>Engine</Filter>
    </ClInclude>
    <ClInclude Include="RenderModule.h">
      <Filter>Render</Filter>
    </ClInclude>
    <ClInclude Include="RenderSetting.h">
      <Filter>Render</Filter>
    </ClInclude>
    <ClInclude Include="CpuRenderFrameResource.h">
      <Filter>Render\Private</Filter>
    </ClInclude>
    <ClInclude Include="GpuRenderFrameResource.h">
      <Filter>Render\Private</Filter>
    </ClInclude>
    <ClInclude Include="RenderModuleImpl.h">
      <Filter>Render\Private</Filter>
    </ClInclude>
    <ClInclude Include="EngineLoop.h">
      <Filter>Launch</Filter>
    </ClInclude>
    <ClInclude Include="Canvas.h">
      <Filter>Render</Filter>
    </ClInclude>
    <ClInclude Include="d3dx12.h">
      <Filter>D3D12Rhi</Filter>
    </ClInclude>
    <ClInclude Include="ConstantBufferSruct.h">
      <Filter>Render\Private</Filter>
    </ClInclude>
    <ClInclude Include="UnTreatedRenderInformation.h">
      <Filter>Render\Private</Filter>
    </ClInclude>
    <ClInclude Include="UploadBuffer.h">
      <Filter>D3D12Rhi</Filter>
    </ClInclude>
    <ClInclude Include="PreTreatedRenderInformation.h">
      <Filter>Render\Private</Filter>
    </ClInclude>
    <ClInclude Include="D3D12RhiUtil.h">
      <Filter>D3D12Rhi</Filter>
    </ClInclude>
    <ClInclude Include="DescriptorHandleManagerBase.h">
      <Filter>D3D12Rhi</Filter>
    </ClInclude>
    <ClInclude Include="BaseRenderer.h">
      <Filter>Renderer\Private</Filter>
    </ClInclude>
    <ClInclude Include="RendererCreater.h">
      <Filter>Renderer</Filter>
    </ClInclude>
    <ClInclude Include="RendererInterface.h">
      <Filter>Renderer</Filter>
    </ClInclude>
    <ClInclude Include="Materials.h">
      <Filter>ShaderCore\Materials</Filter>
    </ClInclude>
    <ClInclude Include="MaterialsManager.h">
      <Filter>ShaderCore\Materials</Filter>
    </ClInclude>
    <ClInclude Include="ResourceManagerBase.h">
      <Filter>ShaderCore</Filter>
    </ClInclude>
    <ClInclude Include="TextureManager.h">
      <Filter>ShaderCore\Texture</Filter>
    </ClInclude>
    <ClInclude Include="Texture.h">
      <Filter>ShaderCore\Texture</Filter>
    </ClInclude>
    <ClInclude Include="DescriptorHandleManager.h">
      <Filter>D3D12Rhi</Filter>
    </ClInclude>
    <ClInclude Include="TreatedRenderInformation.h">
      <Filter>Render</Filter>
    </ClInclude>
    <ClInclude Include="DirectionLightActor.h">
      <Filter>Engine\Classes\Light</Filter>
    </ClInclude>
    <ClInclude Include="LightActor.h">
      <Filter>Engine\Classes\Light</Filter>
    </ClInclude>
    <ClInclude Include="SpotLightActor.h">
      <Filter>Engine\Classes\Light</Filter>
    </ClInclude>
    <ClInclude Include="PointLightActor.h">
      <Filter>Engine\Classes\Light</Filter>
    </ClInclude>
    <ClInclude Include="ShaderParameter.h">
      <Filter>ShaderCore\ShaderParameters</Filter>
    </ClInclude>
    <ClInclude Include="TextureLoaderHelper.h">
      <Filter>ShaderCore\Private\Texture</Filter>
    </ClInclude>
    <ClInclude Include="Mesh.h">
      <Filter>ShaderCore\Mesh</Filter>
    </ClInclude>
    <ClInclude Include="MeshManager.h">
      <Filter>ShaderCore\Mesh</Filter>
    </ClInclude>
    <ClInclude Include="EEntityType.h">
      <Filter>ShaderCore\EEntityType</Filter>
    </ClInclude>
    <ClInclude Include="Actor.h">
      <Filter>Engine\Classes</Filter>
    </ClInclude>
    <ClInclude Include="CameraActor.h">
      <Filter>Engine\Classes</Filter>
    </ClInclude>
    <ClInclude Include="StaticMeshActor.h">
      <Filter>Engine\Classes</Filter>
    </ClInclude>
    <ClInclude Include="World.h">
      <Filter>Engine\Classes</Filter>
    </ClInclude>
    <ClInclude Include="Engine.h">
      <Filter>Engine\Classes</Filter>
    </ClInclude>
    <ClInclude Include="SkyBoxActor.h">
      <Filter>Engine\Classes</Filter>
    </ClInclude>
    <ClInclude Include="RendererUtil.h">
      <Filter>Renderer\Private</Filter>
    </ClInclude>
    <ClInclude Include="ResourcePool.h">
      <Filter>D3D12Rhi</Filter>
    </ClInclude>
  </ItemGroup>
  <ItemGroup>
    <ClCompile Include="D3D12RhiModule.cpp">
      <Filter>D3D12Rhi\Private</Filter>
    </ClCompile>
    <ClCompile Include="EngineLoop.cpp">
      <Filter>Launch\Private</Filter>
    </ClCompile>
    <ClCompile Include="main.cpp">
      <Filter>Launch\Private</Filter>
    </ClCompile>
    <ClCompile Include="D3D12Viewport.cpp">
      <Filter>D3D12Rhi\Private</Filter>
    </ClCompile>
    <ClCompile Include="WindowManager.cpp">
      <Filter>Slate\Private</Filter>
    </ClCompile>
    <ClCompile Include="Window.cpp">
      <Filter>Slate\Private</Filter>
    </ClCompile>
    <ClCompile Include="Engine.cpp">
      <Filter>Engine\Private</Filter>
    </ClCompile>
    <ClCompile Include="GameTimer.cpp">
      <Filter>Launch\Private</Filter>
    </ClCompile>
    <ClCompile Include="RenderModuleImpl.cpp">
      <Filter>Render\Private</Filter>
    </ClCompile>
    <ClCompile Include="CpuRenderFrameResource.cpp">
      <Filter>Render\Private</Filter>
    </ClCompile>
    <ClCompile Include="GpuRenderFrameResource.cpp">
      <Filter>Render\Private</Filter>
    </ClCompile>
    <ClCompile Include="Global.cpp">
      <Filter>Core\Private</Filter>
    </ClCompile>
    <ClCompile Include="Canvas.cpp">
      <Filter>Render\Private</Filter>
    </ClCompile>
    <ClCompile Include="Util.cpp">
      <Filter>Core\Private</Filter>
    </ClCompile>
    <ClCompile Include="DescriptorHandleManagerBase.cpp">
      <Filter>D3D12Rhi\Private</Filter>
    </ClCompile>
    <ClCompile Include="BaseRenderer.cpp">
      <Filter>Renderer\Private</Filter>
    </ClCompile>
    <ClCompile Include="RendererCreater.cpp">
      <Filter>Renderer\Private</Filter>
    </ClCompile>
    <ClCompile Include="Materials.cpp">
      <Filter>ShaderCore\Private\Materials</Filter>
    </ClCompile>
    <ClCompile Include="MaterialsManager.cpp">
      <Filter>ShaderCore\Private\Materials</Filter>
    </ClCompile>
    <ClCompile Include="Texture.cpp">
      <Filter>ShaderCore\Private\Texture</Filter>
    </ClCompile>
    <ClCompile Include="TextureManager.cpp">
      <Filter>ShaderCore\Private\Texture</Filter>
    </ClCompile>
    <ClCompile Include="UnTreatedRenderInformation.cpp">
      <Filter>Render\Private</Filter>
    </ClCompile>
    <ClCompile Include="PreTreatedRenderInformation.cpp">
      <Filter>Render\Private</Filter>
    </ClCompile>
    <ClCompile Include="TreatedRenderInformation.cpp">
      <Filter>Render\Private</Filter>
    </ClCompile>
    <ClCompile Include="TextureLoaderHelper.cpp">
      <Filter>ShaderCore\Private\Texture</Filter>
    </ClCompile>
    <ClCompile Include="Mesh.cpp">
      <Filter>ShaderCore\Private\Mesh</Filter>
    </ClCompile>
    <ClCompile Include="MeshManager.cpp">
      <Filter>ShaderCore\Private\Mesh</Filter>
    </ClCompile>
    <ClCompile Include="StaticMeshActor.cpp">
      <Filter>Engine\Private</Filter>
    </ClCompile>
    <ClCompile Include="World.cpp">
      <Filter>Engine\Private</Filter>
    </ClCompile>
    <ClCompile Include="RendererUtil.cpp">
      <Filter>Renderer\Private</Filter>
    </ClCompile>
    <ClCompile Include="ResourcePool.cpp">
      <Filter>D3D12Rhi\Private</Filter>
    </ClCompile>
  </ItemGroup>
  <ItemGroup>
    <Image Include="..\..\..\Download\bitbug_favicon.ico">
      <Filter>Resource</Filter>
    </Image>
  </ItemGroup>
  <ItemGroup>
    <ResourceCompile Include="CmEngine.rc">
      <Filter>Resource</Filter>
    </ResourceCompile>
  </ItemGroup>
</Project>